
Microsoft Visual Studio Solution File, Format Version 12.00
# Visual Studio Version 17
VisualStudioVersion = 17.9.34714.143
MinimumVisualStudioVersion = 10.0.40219.1
Project("{9A19103F-16F7-4668-BE54-9A1E7A4F7556}") = "Tech.ECommerce.UI", "Tech.ECommerce.UI\Tech.ECommerce.UI.csproj", "{D2A84B5D-857B-4A7B-8238-1B90D5C13205}"
EndProject
Project("{FAE04EC0-301F-11D3-BF4B-00C04F79EFBC}") = "Tech.Entity", "Tech.Entity\Tech.Entity.csproj", "{BC951FAF-BFEC-45D7-A1B5-C58D5178C781}"
EndProject
Project("{FAE04EC0-301F-11D3-BF4B-00C04F79EFBC}") = "Tech.DataAccess", "Tech.DataAccess\Tech.DataAccess.csproj", "{CAC193AD-123A-44FB-B40B-22A48868F165}"
EndProject
Project("{FAE04EC0-301F-11D3-BF4B-00C04F79EFBC}") = "Tech.Core", "Tech.Core\Tech.Core.csproj", "{BFA5D226-2F1B-4E72-8F02-24102B7066AA}"
EndProject
Project("{FAE04EC0-301F-11D3-BF4B-00C04F79EFBC}") = "Tech.BusinessLogic", "Tech.BusinessLogic\Tech.BusinessLogic.csproj", "{10963FF2-0818-4802-9744-616EAE7FA2C8}"
EndProject
Global
	GlobalSection(SolutionConfigurationPlatforms) = preSolution
		Debug|Any CPU = Debug|Any CPU
		Release|Any CPU = Release|Any CPU
	EndGlobalSection
	GlobalSection(ProjectConfigurationPlatforms) = postSolution
		{D2A84B5D-857B-4A7B-8238-1B90D5C13205}.Debug|Any CPU.ActiveCfg = Debug|Any CPU
		{D2A84B5D-857B-4A7B-8238-1B90D5C13205}.Debug|Any CPU.Build.0 = Debug|Any CPU
		{D2A84B5D-857B-4A7B-8238-1B90D5C13205}.Release|Any CPU.ActiveCfg = Release|Any CPU
		{D2A84B5D-857B-4A7B-8238-1B90D5C13205}.Release|Any CPU.Build.0 = Release|Any CPU
		{BC951FAF-BFEC-45D7-A1B5-C58D5178C781}.Debug|Any CPU.ActiveCfg = Debug|Any CPU
		{BC951FAF-BFEC-45D7-A1B5-C58D5178C781}.Debug|Any CPU.Build.0 = Debug|Any CPU
		{BC951FAF-BFEC-45D7-A1B5-C58D5178C781}.Release|Any CPU.ActiveCfg = Release|Any CPU
		{BC951FAF-BFEC-45D7-A1B5-C58D5178C781}.Release|Any CPU.Build.0 = Release|Any CPU
		{CAC193AD-123A-44FB-B40B-22A48868F165}.Debug|Any CPU.ActiveCfg = Debug|Any CPU
		{CAC193AD-123A-44FB-B40B-22A48868F165}.Debug|Any CPU.Build.0 = Debug|Any CPU
		{CAC193AD-123A-44FB-B40B-22A48868F165}.Release|Any CPU.ActiveCfg = Release|Any CPU
		{CAC193AD-123A-44FB-B40B-22A48868F165}.Release|Any CPU.Build.0 = Release|Any CPU
		{BFA5D226-2F1B-4E72-8F02-24102B7066AA}.Debug|Any CPU.ActiveCfg = Debug|Any CPU
		{BFA5D226-2F1B-4E72-8F02-24102B7066AA}.Debug|Any CPU.Build.0 = Debug|Any CPU
		{BFA5D226-2F1B-4E72-8F02-24102B7066AA}.Release|Any CPU.ActiveCfg = Release|Any CPU
		{BFA5D226-2F1B-4E72-8F02-24102B7066AA}.Release|Any CPU.Build.0 = Release|Any CPU
		{10963FF2-0818-4802-9744-616EAE7FA2C8}.Debug|Any CPU.ActiveCfg = Debug|Any CPU
		{10963FF2-0818-4802-9744-616EAE7FA2C8}.Debug|Any CPU.Build.0 = Debug|Any CPU
		{10963FF2-0818-4802-9744-616EAE7FA2C8}.Release|Any CPU.ActiveCfg = Release|Any CPU
		{10963FF2-0818-4802-9744-616EAE7FA2C8}.Release|Any CPU.Build.0 = Release|Any CPU
	EndGlobalSection
	GlobalSection(SolutionProperties) = preSolution
		HideSolutionNode = FALSE
	EndGlobalSection
	GlobalSection(ExtensibilityGlobals) = postSolution
		SolutionGuid = {AA011047-B3C9-40F5-BD9B-E7642F271E20}
	EndGlobalSection
EndGlobal
